{
  "name": "cv",
  "lockfileVersion": 3,
  "requires": true,
  "packages": {
    "": {
      "dependencies": {
        "sass-embedded": "^1.67.0"
      }
    },
    "node_modules/@bufbuild/protobuf": {
      "version": "1.3.1",
      "resolved": "https://registry.npmjs.org/@bufbuild/protobuf/-/protobuf-1.3.1.tgz",
      "integrity": "sha512-BUyJWutgP2S8K/1NphOJokuwDckXS4qI2T1pGZAlkFdZchWae3jm6fCdkcGbLlM1QLOcNFFePd+7Feo4BYGrJQ=="
    },
    "node_modules/buffer-builder": {
      "version": "0.2.0",
      "resolved": "https://registry.npmjs.org/buffer-builder/-/buffer-builder-0.2.0.tgz",
      "integrity": "sha512-7VPMEPuYznPSoR21NE1zvd2Xna6c/CloiZCfcMXR1Jny6PjX0N4Nsa38zcBFo/FMK+BlA+FLKbJCQ0i2yxp+Xg=="
    },
    "node_modules/has-flag": {
      "version": "4.0.0",
      "resolved": "https://registry.npmjs.org/has-flag/-/has-flag-4.0.0.tgz",
      "integrity": "sha512-EykJT/Q1KjTWctppgIAgfSO0tKVuZUjhgMr17kqTumMl6Afv3EISleU7qZUzoXDFTAHTDC4NOoG/ZxU3EvlMPQ==",
      "engines": {
        "node": ">=8"
      }
    },
    "node_modules/immutable": {
      "version": "4.3.4",
      "resolved": "https://registry.npmjs.org/immutable/-/immutable-4.3.4.tgz",
      "integrity": "sha512-fsXeu4J4i6WNWSikpI88v/PcVflZz+6kMhUfIwc5SY+poQRPnaf5V7qds6SUyUN3cVxEzuCab7QIoLOQ+DQ1wA=="
    },
    "node_modules/rxjs": {
      "version": "7.8.1",
      "resolved": "https://registry.npmjs.org/rxjs/-/rxjs-7.8.1.tgz",
      "integrity": "sha512-AA3TVj+0A2iuIoQkWEK/tqFjBq2j+6PO6Y0zJcvzLAFhEFIO3HL0vls9hWLncZbAAbK0mar7oZ4V079I/qPMxg==",
      "dependencies": {
        "tslib": "^2.1.0"
      }
    },
    "node_modules/sass-embedded": {
      "version": "1.67.0",
      "resolved": "https://registry.npmjs.org/sass-embedded/-/sass-embedded-1.67.0.tgz",
      "integrity": "sha512-iHkwrJ4rUlHPU24DQVDzW3CtXnQIYVKkgaKvG+1sBQrGx+RFVSP6vnaUJrXNrYcYUa0+3Fo1NZA4ufoo7mL16w==",
      "dependencies": {
        "@bufbuild/protobuf": "^1.0.0",
        "buffer-builder": "^0.2.0",
        "immutable": "^4.0.0",
        "rxjs": "^7.4.0",
        "supports-color": "^8.1.1",
        "varint": "^6.0.0"
      },
      "engines": {
        "node": ">=14.0.0"
      },
      "optionalDependencies": {
        "sass-embedded-darwin-arm64": "1.67.0",
        "sass-embedded-darwin-x64": "1.67.0",
        "sass-embedded-linux-arm": "1.67.0",
        "sass-embedded-linux-arm64": "1.67.0",
        "sass-embedded-linux-ia32": "1.67.0",
        "sass-embedded-linux-x64": "1.67.0",
        "sass-embedded-win32-ia32": "1.67.0",
        "sass-embedded-win32-x64": "1.67.0"
      }
    },
    "node_modules/sass-embedded-darwin-arm64": {
      "version": "1.67.0",
      "resolved": "https://registry.npmjs.org/sass-embedded-darwin-arm64/-/sass-embedded-darwin-arm64-1.67.0.tgz",
      "integrity": "sha512-p/aS128pSB2LsnbLmyijo1HsLziYHFdxGzNbIQT9k6o5suvpdAs1PqpSwlJ7uGIiIbXgiDqaNXWFT4cP/A9G/A==",
      "cpu": [
        "arm64"
      ],
      "optional": true,
      "os": [
        "darwin"
      ],
      "bin": {
        "sass": "dart-sass/sass"
      },
      "engines": {
        "node": ">=14.0.0"
      }
    },
    "node_modules/sass-embedded-darwin-x64": {
      "version": "1.67.0",
      "resolved": "https://registry.npmjs.org/sass-embedded-darwin-x64/-/sass-embedded-darwin-x64-1.67.0.tgz",
      "integrity": "sha512-43Ou/1MQaKeN+4sPXtUqEAwJTL/SoTxY3R11JwJ95q4+ZXcCtBqoCXCJ8fdIa1yWYiqig4E2+VXvaGFIL70E/g==",
      "cpu": [
        "x64"
      ],
      "optional": true,
      "os": [
        "darwin"
      ],
      "bin": {
        "sass": "dart-sass/sass"
      },
      "engines": {
        "node": ">=14.0.0"
      }
    },
    "node_modules/sass-embedded-linux-arm": {
      "version": "1.67.0",
      "resolved": "https://registry.npmjs.org/sass-embedded-linux-arm/-/sass-embedded-linux-arm-1.67.0.tgz",
      "integrity": "sha512-bBkhS2uZ2tt2Of5RIyM5VzOCYdUkxH4w9oj4Tvx1vTxviL3htMrv8uN9saaLx56BxBKNr3c0kzF9rq32ln9Eow==",
      "cpu": [
        "arm"
      ],
      "optional": true,
      "os": [
        "linux"
      ],
      "bin": {
        "sass": "dart-sass/sass"
      },
      "engines": {
        "node": ">=14.0.0"
      }
    },
    "node_modules/sass-embedded-linux-arm64": {
      "version": "1.67.0",
      "resolved": "https://registry.npmjs.org/sass-embedded-linux-arm64/-/sass-embedded-linux-arm64-1.67.0.tgz",
      "integrity": "sha512-sdKWjLGuRCOo6HSjJ1W0TZ4ahqSjTjc8rwipRsCsIjrCk7PQrh2/7LKcTppTT4B2onnPVf1hHRtccxzgrqWQTg==",
      "cpu": [
        "arm64"
      ],
      "optional": true,
      "os": [
        "linux"
      ],
      "bin": {
        "sass": "dart-sass/sass"
      },
      "engines": {
        "node": ">=14.0.0"
      }
    },
    "node_modules/sass-embedded-linux-ia32": {
      "version": "1.67.0",
      "resolved": "https://registry.npmjs.org/sass-embedded-linux-ia32/-/sass-embedded-linux-ia32-1.67.0.tgz",
      "integrity": "sha512-eUgahYzjIuGJug1OiEAEtk8sevlTKbyqejerdB2L3I8UIHNjP2o8k9I940W/sMYsrODnMMwzWIwS25L54QWASg==",
      "cpu": [
        "ia32"
      ],
      "optional": true,
      "os": [
        "linux"
      ],
      "bin": {
        "sass": "dart-sass/sass"
      },
      "engines": {
        "node": ">=14.0.0"
      }
    },
    "node_modules/sass-embedded-linux-x64": {
      "version": "1.67.0",
      "resolved": "https://registry.npmjs.org/sass-embedded-linux-x64/-/sass-embedded-linux-x64-1.67.0.tgz",
      "integrity": "sha512-ZZ6JGfAY9CFzSwMPA2zdhCD5RLAGFyJrK61VPvBETeprKzoGTm1MYR/Pe5QiXjx1wZ9mA2nUf6IzkUAI7ksgHw==",
      "cpu": [
        "x64"
      ],
      "optional": true,
      "os": [
        "linux"
      ],
      "bin": {
        "sass": "dart-sass/sass"
      },
      "engines": {
        "node": ">=14.0.0"
      }
    },
    "node_modules/sass-embedded-win32-ia32": {
      "version": "1.67.0",
      "resolved": "https://registry.npmjs.org/sass-embedded-win32-ia32/-/sass-embedded-win32-ia32-1.67.0.tgz",
      "integrity": "sha512-8o5GNqgzd0H3SuwH3qkdny8Xn/KRO4j3T2ZnuFwwt2W/jxs9YEE1tY0/vLp7Vq/xAy/685y8WeiHFQHXxkwEMA==",
      "cpu": [
        "ia32"
      ],
      "optional": true,
      "os": [
        "win32"
      ],
      "bin": {
        "sass": "dart-sass/sass.bat"
      },
      "engines": {
        "node": ">=14.0.0"
      }
    },
    "node_modules/sass-embedded-win32-x64": {
      "version": "1.67.0",
      "resolved": "https://registry.npmjs.org/sass-embedded-win32-x64/-/sass-embedded-win32-x64-1.67.0.tgz",
      "integrity": "sha512-Wumv3Kpn0FmKCGjVSORM1QXyOQqXYKyxrB6BWwIfkl7TC2eCXzid8KnUL9HymeRlsezDWVFk5ew8635XdK7aIA==",
      "cpu": [
        "x64"
      ],
      "optional": true,
      "os": [
        "win32"
      ],
      "bin": {
        "sass": "dart-sass/sass.bat"
      },
      "engines": {
        "node": ">=14.0.0"
      }
    },
    "node_modules/supports-color": {
      "version": "8.1.1",
      "resolved": "https://registry.npmjs.org/supports-color/-/supports-color-8.1.1.tgz",
      "integrity": "sha512-MpUEN2OodtUzxvKQl72cUF7RQ5EiHsGvSsVG0ia9c5RbWGL2CI4C7EpPS8UTBIplnlzZiNuV56w+FuNxy3ty2Q==",
      "dependencies": {
        "has-flag": "^4.0.0"
      },
      "engines": {
        "node": ">=10"
      },
      "funding": {
        "url": "https://github.com/chalk/supports-color?sponsor=1"
      }
    },
    "node_modules/tslib": {
      "version": "2.6.2",
      "resolved": "https://registry.npmjs.org/tslib/-/tslib-2.6.2.tgz",
      "integrity": "sha512-AEYxH93jGFPn/a2iVAwW87VuUIkR1FVUKB77NwMF7nBTDkDrrT/Hpt/IrCJ0QXhW27jTBDcf5ZY7w6RiqTMw2Q=="
    },
    "node_modules/varint": {
      "version": "6.0.0",
      "resolved": "https://registry.npmjs.org/varint/-/varint-6.0.0.tgz",
      "integrity": "sha512-cXEIW6cfr15lFv563k4GuVuW/fiwjknytD37jIOLSdSWuOI6WnO/oKwmP2FQTU2l01LP8/M5TSAJpzUaGe3uWg=="
    }
  }
}
